
Microsoft Visual Studio Solution File, Format Version 12.00
# Visual Studio Version 17
VisualStudioVersion = 17.11.35219.272
MinimumVisualStudioVersion = 10.0.40219.1
Project("{9A19103F-16F7-4668-BE54-9A1E7A4F7556}") = "CleanArch.Domain", "CleanArch.Domain\CleanArch.Domain.csproj", "{416B36A9-0767-4CBD-A4F2-EA0DC1EE7B6F}"
EndProject
Project("{9A19103F-16F7-4668-BE54-9A1E7A4F7556}") = "CleanArch.Application", "CleanArch.Application\CleanArch.Application.csproj", "{5DE97792-59B7-482F-A9CB-13B65338ED3C}"
	ProjectSection(ProjectDependencies) = postProject
		{416B36A9-0767-4CBD-A4F2-EA0DC1EE7B6F} = {416B36A9-0767-4CBD-A4F2-EA0DC1EE7B6F}
	EndProjectSection
EndProject
Project("{9A19103F-16F7-4668-BE54-9A1E7A4F7556}") = "CleanArch.Infra.Data", "CleanArch.Infra.Data\CleanArch.Infra.Data.csproj", "{EEF41E30-334F-4A2C-B5E8-C235AC1E4539}"
	ProjectSection(ProjectDependencies) = postProject
		{416B36A9-0767-4CBD-A4F2-EA0DC1EE7B6F} = {416B36A9-0767-4CBD-A4F2-EA0DC1EE7B6F}
	EndProjectSection
EndProject
Project("{9A19103F-16F7-4668-BE54-9A1E7A4F7556}") = "CleanArch.WebUI", "CleanArch.WebUI\CleanArch.WebUI.csproj", "{8042EDAD-5771-4E75-8715-93D1F4D9E211}"
EndProject
Project("{9A19103F-16F7-4668-BE54-9A1E7A4F7556}") = "CleanArchMvc.Domain.Tests", "CleanArchMvc.Domain.Tests\CleanArchMvc.Domain.Tests.csproj", "{53A538D7-2037-48A1-9027-ADE2F21C6518}"
EndProject
Project("{FAE04EC0-301F-11D3-BF4B-00C04F79EFBC}") = "CleanArch.Infra.IoC", "CleanArch.Infra.IoC\CleanArch.Infra.IoC.csproj", "{C6B3FC76-8BC6-4726-A027-7C130BA57B22}"
EndProject
Global
	GlobalSection(SolutionConfigurationPlatforms) = preSolution
		Debug|Any CPU = Debug|Any CPU
		Release|Any CPU = Release|Any CPU
	EndGlobalSection
	GlobalSection(ProjectConfigurationPlatforms) = postSolution
		{416B36A9-0767-4CBD-A4F2-EA0DC1EE7B6F}.Debug|Any CPU.ActiveCfg = Debug|Any CPU
		{416B36A9-0767-4CBD-A4F2-EA0DC1EE7B6F}.Debug|Any CPU.Build.0 = Debug|Any CPU
		{416B36A9-0767-4CBD-A4F2-EA0DC1EE7B6F}.Release|Any CPU.ActiveCfg = Release|Any CPU
		{416B36A9-0767-4CBD-A4F2-EA0DC1EE7B6F}.Release|Any CPU.Build.0 = Release|Any CPU
		{5DE97792-59B7-482F-A9CB-13B65338ED3C}.Debug|Any CPU.ActiveCfg = Debug|Any CPU
		{5DE97792-59B7-482F-A9CB-13B65338ED3C}.Debug|Any CPU.Build.0 = Debug|Any CPU
		{5DE97792-59B7-482F-A9CB-13B65338ED3C}.Release|Any CPU.ActiveCfg = Release|Any CPU
		{5DE97792-59B7-482F-A9CB-13B65338ED3C}.Release|Any CPU.Build.0 = Release|Any CPU
		{EEF41E30-334F-4A2C-B5E8-C235AC1E4539}.Debug|Any CPU.ActiveCfg = Debug|Any CPU
		{EEF41E30-334F-4A2C-B5E8-C235AC1E4539}.Debug|Any CPU.Build.0 = Debug|Any CPU
		{EEF41E30-334F-4A2C-B5E8-C235AC1E4539}.Release|Any CPU.ActiveCfg = Release|Any CPU
		{EEF41E30-334F-4A2C-B5E8-C235AC1E4539}.Release|Any CPU.Build.0 = Release|Any CPU
		{8042EDAD-5771-4E75-8715-93D1F4D9E211}.Debug|Any CPU.ActiveCfg = Debug|Any CPU
		{8042EDAD-5771-4E75-8715-93D1F4D9E211}.Debug|Any CPU.Build.0 = Debug|Any CPU
		{8042EDAD-5771-4E75-8715-93D1F4D9E211}.Release|Any CPU.ActiveCfg = Release|Any CPU
		{8042EDAD-5771-4E75-8715-93D1F4D9E211}.Release|Any CPU.Build.0 = Release|Any CPU
		{53A538D7-2037-48A1-9027-ADE2F21C6518}.Debug|Any CPU.ActiveCfg = Debug|Any CPU
		{53A538D7-2037-48A1-9027-ADE2F21C6518}.Debug|Any CPU.Build.0 = Debug|Any CPU
		{53A538D7-2037-48A1-9027-ADE2F21C6518}.Release|Any CPU.ActiveCfg = Release|Any CPU
		{53A538D7-2037-48A1-9027-ADE2F21C6518}.Release|Any CPU.Build.0 = Release|Any CPU
		{C6B3FC76-8BC6-4726-A027-7C130BA57B22}.Debug|Any CPU.ActiveCfg = Debug|Any CPU
		{C6B3FC76-8BC6-4726-A027-7C130BA57B22}.Debug|Any CPU.Build.0 = Debug|Any CPU
		{C6B3FC76-8BC6-4726-A027-7C130BA57B22}.Release|Any CPU.ActiveCfg = Release|Any CPU
		{C6B3FC76-8BC6-4726-A027-7C130BA57B22}.Release|Any CPU.Build.0 = Release|Any CPU
	EndGlobalSection
	GlobalSection(SolutionProperties) = preSolution
		HideSolutionNode = FALSE
	EndGlobalSection
	GlobalSection(ExtensibilityGlobals) = postSolution
		SolutionGuid = {41113B7E-7D6B-42BF-BCDB-A4AF05730531}
	EndGlobalSection
EndGlobal
